// !$*UTF8*$!
{
	archiveVersion = 1;
	classes = {
	};
	objectVersion = 46;
	objects = {

/* Begin PBXBuildFile section */
		1DCF9C2119BACEA5003A342D /* Foundation.framework in Frameworks */ = {isa = PBXBuildFile; fileRef = 1DCF9C2019BACEA5003A342D /* Foundation.framework */; };
		1DCF9C2319BACEA5003A342D /* CoreGraphics.framework in Frameworks */ = {isa = PBXBuildFile; fileRef = 1DCF9C2219BACEA5003A342D /* CoreGraphics.framework */; };
		1DCF9C2519BACEA5003A342D /* UIKit.framework in Frameworks */ = {isa = PBXBuildFile; fileRef = 1DCF9C2419BACEA5003A342D /* UIKit.framework */; };
		1DCF9C2B19BACEA5003A342D /* InfoPlist.strings in Resources */ = {isa = PBXBuildFile; fileRef = 1DCF9C2919BACEA5003A342D /* InfoPlist.strings */; };
		1DCF9C2D19BACEA5003A342D /* main.m in Sources */ = {isa = PBXBuildFile; fileRef = 1DCF9C2C19BACEA5003A342D /* main.m */; };
		1DCF9C3119BACEA5003A342D /* hitMeAppDelegate.m in Sources */ = {isa = PBXBuildFile; fileRef = 1DCF9C3019BACEA5003A342D /* hitMeAppDelegate.m */; };
		1DCF9C3419BACEA5003A342D /* Main.storyboard in Resources */ = {isa = PBXBuildFile; fileRef = 1DCF9C3219BACEA5003A342D /* Main.storyboard */; };
		1DCF9C3719BACEA5003A342D /* hitMeMasterViewController.m in Sources */ = {isa = PBXBuildFile; fileRef = 1DCF9C3619BACEA5003A342D /* hitMeMasterViewController.m */; };
		1DCF9C3A19BACEA5003A342D /* hitMeDetailViewController.m in Sources */ = {isa = PBXBuildFile; fileRef = 1DCF9C3919BACEA5003A342D /* hitMeDetailViewController.m */; };
		1DCF9C3C19BACEA5003A342D /* Images.xcassets in Resources */ = {isa = PBXBuildFile; fileRef = 1DCF9C3B19BACEA5003A342D /* Images.xcassets */; };
		1DCF9C4319BACEA5003A342D /* XCTest.framework in Frameworks */ = {isa = PBXBuildFile; fileRef = 1DCF9C4219BACEA5003A342D /* XCTest.framework */; };
		1DCF9C4419BACEA5003A342D /* Foundation.framework in Frameworks */ = {isa = PBXBuildFile; fileRef = 1DCF9C2019BACEA5003A342D /* Foundation.framework */; };
		1DCF9C4519BACEA5003A342D /* UIKit.framework in Frameworks */ = {isa = PBXBuildFile; fileRef = 1DCF9C2419BACEA5003A342D /* UIKit.framework */; };
		1DCF9C4D19BACEA5003A342D /* InfoPlist.strings in Resources */ = {isa = PBXBuildFile; fileRef = 1DCF9C4B19BACEA5003A342D /* InfoPlist.strings */; };
		1DCF9C4F19BACEA5003A342D /* hitMeTests.m in Sources */ = {isa = PBXBuildFile; fileRef = 1DCF9C4E19BACEA5003A342D /* hitMeTests.m */; };
		1DCF9C5A19BADBAF003A342D /* hitMeActivitiesTableViewController.m in Sources */ = {isa = PBXBuildFile; fileRef = 1DCF9C5919BADBAF003A342D /* hitMeActivitiesTableViewController.m */; };
		1DCF9CA419BB6C52003A342D /* ActivityDetailTableViewController.m in Sources */ = {isa = PBXBuildFile; fileRef = 1DCF9CA319BB6C52003A342D /* ActivityDetailTableViewController.m */; };
		1DCF9CA719BB6C70003A342D /* editActivityViewController.m in Sources */ = {isa = PBXBuildFile; fileRef = 1DCF9CA619BB6C70003A342D /* editActivityViewController.m */; };
		5A63A64A19BBB28D00C74605 /* Parse.framework in Frameworks */ = {isa = PBXBuildFile; fileRef = 5A63A64919BBB28D00C74605 /* Parse.framework */; };
		5A63A64C19BBB2A000C74605 /* Bolts.framework in Frameworks */ = {isa = PBXBuildFile; fileRef = 5A63A64B19BBB2A000C74605 /* Bolts.framework */; };
		5A63A65819BBBA9C00C74605 /* Accounts.framework in Frameworks */ = {isa = PBXBuildFile; fileRef = 5A63A64D19BBBA9C00C74605 /* Accounts.framework */; };
		5A63A65919BBBA9C00C74605 /* AudioToolbox.framework in Frameworks */ = {isa = PBXBuildFile; fileRef = 5A63A64E19BBBA9C00C74605 /* AudioToolbox.framework */; };
		5A63A65A19BBBA9C00C74605 /* CFNetwork.framework in Frameworks */ = {isa = PBXBuildFile; fileRef = 5A63A64F19BBBA9C00C74605 /* CFNetwork.framework */; };
		5A63A65B19BBBA9C00C74605 /* CoreLocation.framework in Frameworks */ = {isa = PBXBuildFile; fileRef = 5A63A65019BBBA9C00C74605 /* CoreLocation.framework */; };
		5A63A65C19BBBA9C00C74605 /* libz.dylib in Frameworks */ = {isa = PBXBuildFile; fileRef = 5A63A65119BBBA9C00C74605 /* libz.dylib */; };
		5A63A65D19BBBA9C00C74605 /* MobileCoreServices.framework in Frameworks */ = {isa = PBXBuildFile; fileRef = 5A63A65219BBBA9C00C74605 /* MobileCoreServices.framework */; };
		5A63A65E19BBBA9C00C74605 /* QuartzCore.framework in Frameworks */ = {isa = PBXBuildFile; fileRef = 5A63A65319BBBA9C00C74605 /* QuartzCore.framework */; };
		5A63A65F19BBBA9C00C74605 /* Security.framework in Frameworks */ = {isa = PBXBuildFile; fileRef = 5A63A65419BBBA9C00C74605 /* Security.framework */; };
		5A63A66019BBBA9C00C74605 /* Social.framework in Frameworks */ = {isa = PBXBuildFile; fileRef = 5A63A65519BBBA9C00C74605 /* Social.framework */; };
		5A63A66119BBBA9C00C74605 /* StoreKit.framework in Frameworks */ = {isa = PBXBuildFile; fileRef = 5A63A65619BBBA9C00C74605 /* StoreKit.framework */; };
		5A63A66219BBBA9C00C74605 /* SystemConfiguration.framework in Frameworks */ = {isa = PBXBuildFile; fileRef = 5A63A65719BBBA9C00C74605 /* SystemConfiguration.framework */; };
/* End PBXBuildFile section */

/* Begin PBXContainerItemProxy section */
		1DCF9C4619BACEA5003A342D /* PBXContainerItemProxy */ = {
			isa = PBXContainerItemProxy;
			containerPortal = 1DCF9C1519BACEA5003A342D /* Project object */;
			proxyType = 1;
			remoteGlobalIDString = 1DCF9C1C19BACEA5003A342D;
			remoteInfo = hitMe;
		};
/* End PBXContainerItemProxy section */

/* Begin PBXFileReference section */
		1DCF9C1D19BACEA5003A342D /* hitMe.app */ = {isa = PBXFileReference; explicitFileType = wrapper.application; includeInIndex = 0; path = hitMe.app; sourceTree = BUILT_PRODUCTS_DIR; };
		1DCF9C2019BACEA5003A342D /* Foundation.framework */ = {isa = PBXFileReference; lastKnownFileType = wrapper.framework; name = Foundation.framework; path = System/Library/Frameworks/Foundation.framework; sourceTree = SDKROOT; };
		1DCF9C2219BACEA5003A342D /* CoreGraphics.framework */ = {isa = PBXFileReference; lastKnownFileType = wrapper.framework; name = CoreGraphics.framework; path = System/Library/Frameworks/CoreGraphics.framework; sourceTree = SDKROOT; };
		1DCF9C2419BACEA5003A342D /* UIKit.framework */ = {isa = PBXFileReference; lastKnownFileType = wrapper.framework; name = UIKit.framework; path = System/Library/Frameworks/UIKit.framework; sourceTree = SDKROOT; };
		1DCF9C2819BACEA5003A342D /* hitMe-Info.plist */ = {isa = PBXFileReference; lastKnownFileType = text.plist.xml; path = "hitMe-Info.plist"; sourceTree = "<group>"; };
		1DCF9C2A19BACEA5003A342D /* en */ = {isa = PBXFileReference; lastKnownFileType = text.plist.strings; name = en; path = en.lproj/InfoPlist.strings; sourceTree = "<group>"; };
		1DCF9C2C19BACEA5003A342D /* main.m */ = {isa = PBXFileReference; lastKnownFileType = sourcecode.c.objc; path = main.m; sourceTree = "<group>"; };
		1DCF9C2E19BACEA5003A342D /* hitMe-Prefix.pch */ = {isa = PBXFileReference; lastKnownFileType = sourcecode.c.h; path = "hitMe-Prefix.pch"; sourceTree = "<group>"; };
		1DCF9C2F19BACEA5003A342D /* hitMeAppDelegate.h */ = {isa = PBXFileReference; lastKnownFileType = sourcecode.c.h; path = hitMeAppDelegate.h; sourceTree = "<group>"; };
		1DCF9C3019BACEA5003A342D /* hitMeAppDelegate.m */ = {isa = PBXFileReference; lastKnownFileType = sourcecode.c.objc; path = hitMeAppDelegate.m; sourceTree = "<group>"; };
		1DCF9C3319BACEA5003A342D /* Base */ = {isa = PBXFileReference; lastKnownFileType = file.storyboard; name = Base; path = Base.lproj/Main.storyboard; sourceTree = "<group>"; };
		1DCF9C3519BACEA5003A342D /* hitMeMasterViewController.h */ = {isa = PBXFileReference; lastKnownFileType = sourcecode.c.h; path = hitMeMasterViewController.h; sourceTree = "<group>"; };
		1DCF9C3619BACEA5003A342D /* hitMeMasterViewController.m */ = {isa = PBXFileReference; lastKnownFileType = sourcecode.c.objc; path = hitMeMasterViewController.m; sourceTree = "<group>"; };
		1DCF9C3819BACEA5003A342D /* hitMeDetailViewController.h */ = {isa = PBXFileReference; lastKnownFileType = sourcecode.c.h; path = hitMeDetailViewController.h; sourceTree = "<group>"; };
		1DCF9C3919BACEA5003A342D /* hitMeDetailViewController.m */ = {isa = PBXFileReference; lastKnownFileType = sourcecode.c.objc; path = hitMeDetailViewController.m; sourceTree = "<group>"; };
		1DCF9C3B19BACEA5003A342D /* Images.xcassets */ = {isa = PBXFileReference; lastKnownFileType = folder.assetcatalog; path = Images.xcassets; sourceTree = "<group>"; };
		1DCF9C4119BACEA5003A342D /* hitMeTests.xctest */ = {isa = PBXFileReference; explicitFileType = wrapper.cfbundle; includeInIndex = 0; path = hitMeTests.xctest; sourceTree = BUILT_PRODUCTS_DIR; };
		1DCF9C4219BACEA5003A342D /* XCTest.framework */ = {isa = PBXFileReference; lastKnownFileType = wrapper.framework; name = XCTest.framework; path = Library/Frameworks/XCTest.framework; sourceTree = DEVELOPER_DIR; };
		1DCF9C4A19BACEA5003A342D /* hitMeTests-Info.plist */ = {isa = PBXFileReference; lastKnownFileType = text.plist.xml; path = "hitMeTests-Info.plist"; sourceTree = "<group>"; };
		1DCF9C4C19BACEA5003A342D /* en */ = {isa = PBXFileReference; lastKnownFileType = text.plist.strings; name = en; path = en.lproj/InfoPlist.strings; sourceTree = "<group>"; };
		1DCF9C4E19BACEA5003A342D /* hitMeTests.m */ = {isa = PBXFileReference; lastKnownFileType = sourcecode.c.objc; path = hitMeTests.m; sourceTree = "<group>"; };
		1DCF9C5819BADBAF003A342D /* hitMeActivitiesTableViewController.h */ = {isa = PBXFileReference; fileEncoding = 4; lastKnownFileType = sourcecode.c.h; path = hitMeActivitiesTableViewController.h; sourceTree = "<group>"; };
		1DCF9C5919BADBAF003A342D /* hitMeActivitiesTableViewController.m */ = {isa = PBXFileReference; fileEncoding = 4; lastKnownFileType = sourcecode.c.objc; path = hitMeActivitiesTableViewController.m; sourceTree = "<group>"; };
		1DCF9CA219BB6C52003A342D /* ActivityDetailTableViewController.h */ = {isa = PBXFileReference; fileEncoding = 4; lastKnownFileType = sourcecode.c.h; path = ActivityDetailTableViewController.h; sourceTree = "<group>"; };
		1DCF9CA319BB6C52003A342D /* ActivityDetailTableViewController.m */ = {isa = PBXFileReference; fileEncoding = 4; lastKnownFileType = sourcecode.c.objc; path = ActivityDetailTableViewController.m; sourceTree = "<group>"; };
		1DCF9CA519BB6C70003A342D /* editActivityViewController.h */ = {isa = PBXFileReference; fileEncoding = 4; lastKnownFileType = sourcecode.c.h; path = editActivityViewController.h; sourceTree = "<group>"; };
		1DCF9CA619BB6C70003A342D /* editActivityViewController.m */ = {isa = PBXFileReference; fileEncoding = 4; lastKnownFileType = sourcecode.c.objc; path = editActivityViewController.m; sourceTree = "<group>"; };
		5A63A64919BBB28D00C74605 /* Parse.framework */ = {isa = PBXFileReference; lastKnownFileType = wrapper.framework; path = Parse.framework; sourceTree = "<group>"; };
		5A63A64B19BBB2A000C74605 /* Bolts.framework */ = {isa = PBXFileReference; lastKnownFileType = wrapper.framework; path = Bolts.framework; sourceTree = "<group>"; };
		5A63A64D19BBBA9C00C74605 /* Accounts.framework */ = {isa = PBXFileReference; lastKnownFileType = wrapper.framework; name = Accounts.framework; path = System/Library/Frameworks/Accounts.framework; sourceTree = SDKROOT; };
		5A63A64E19BBBA9C00C74605 /* AudioToolbox.framework */ = {isa = PBXFileReference; lastKnownFileType = wrapper.framework; name = AudioToolbox.framework; path = System/Library/Frameworks/AudioToolbox.framework; sourceTree = SDKROOT; };
		5A63A64F19BBBA9C00C74605 /* CFNetwork.framework */ = {isa = PBXFileReference; lastKnownFileType = wrapper.framework; name = CFNetwork.framework; path = System/Library/Frameworks/CFNetwork.framework; sourceTree = SDKROOT; };
		5A63A65019BBBA9C00C74605 /* CoreLocation.framework */ = {isa = PBXFileReference; lastKnownFileType = wrapper.framework; name = CoreLocation.framework; path = System/Library/Frameworks/CoreLocation.framework; sourceTree = SDKROOT; };
		5A63A65119BBBA9C00C74605 /* libz.dylib */ = {isa = PBXFileReference; lastKnownFileType = "compiled.mach-o.dylib"; name = libz.dylib; path = usr/lib/libz.dylib; sourceTree = SDKROOT; };
		5A63A65219BBBA9C00C74605 /* MobileCoreServices.framework */ = {isa = PBXFileReference; lastKnownFileType = wrapper.framework; name = MobileCoreServices.framework; path = System/Library/Frameworks/MobileCoreServices.framework; sourceTree = SDKROOT; };
		5A63A65319BBBA9C00C74605 /* QuartzCore.framework */ = {isa = PBXFileReference; lastKnownFileType = wrapper.framework; name = QuartzCore.framework; path = System/Library/Frameworks/QuartzCore.framework; sourceTree = SDKROOT; };
		5A63A65419BBBA9C00C74605 /* Security.framework */ = {isa = PBXFileReference; lastKnownFileType = wrapper.framework; name = Security.framework; path = System/Library/Frameworks/Security.framework; sourceTree = SDKROOT; };
		5A63A65519BBBA9C00C74605 /* Social.framework */ = {isa = PBXFileReference; lastKnownFileType = wrapper.framework; name = Social.framework; path = System/Library/Frameworks/Social.framework; sourceTree = SDKROOT; };
		5A63A65619BBBA9C00C74605 /* StoreKit.framework */ = {isa = PBXFileReference; lastKnownFileType = wrapper.framework; name = StoreKit.framework; path = System/Library/Frameworks/StoreKit.framework; sourceTree = SDKROOT; };
		5A63A65719BBBA9C00C74605 /* SystemConfiguration.framework */ = {isa = PBXFileReference; lastKnownFileType = wrapper.framework; name = SystemConfiguration.framework; path = System/Library/Frameworks/SystemConfiguration.framework; sourceTree = SDKROOT; };
/* End PBXFileReference section */

/* Begin PBXFrameworksBuildPhase section */
		1DCF9C1A19BACEA5003A342D /* Frameworks */ = {
			isa = PBXFrameworksBuildPhase;
			buildActionMask = 2147483647;
			files = (
				5A63A65819BBBA9C00C74605 /* Accounts.framework in Frameworks */,
				5A63A65919BBBA9C00C74605 /* AudioToolbox.framework in Frameworks */,
				5A63A65A19BBBA9C00C74605 /* CFNetwork.framework in Frameworks */,
				5A63A65B19BBBA9C00C74605 /* CoreLocation.framework in Frameworks */,
				5A63A65C19BBBA9C00C74605 /* libz.dylib in Frameworks */,
				5A63A65D19BBBA9C00C74605 /* MobileCoreServices.framework in Frameworks */,
				5A63A65E19BBBA9C00C74605 /* QuartzCore.framework in Frameworks */,
				5A63A65F19BBBA9C00C74605 /* Security.framework in Frameworks */,
				5A63A66019BBBA9C00C74605 /* Social.framework in Frameworks */,
				5A63A66119BBBA9C00C74605 /* StoreKit.framework in Frameworks */,
				5A63A66219BBBA9C00C74605 /* SystemConfiguration.framework in Frameworks */,
				1DCF9C2319BACEA5003A342D /* CoreGraphics.framework in Frameworks */,
				5A63A64C19BBB2A000C74605 /* Bolts.framework in Frameworks */,
				1DCF9C2519BACEA5003A342D /* UIKit.framework in Frameworks */,
				5A63A64A19BBB28D00C74605 /* Parse.framework in Frameworks */,
				1DCF9C2119BACEA5003A342D /* Foundation.framework in Frameworks */,
			);
			runOnlyForDeploymentPostprocessing = 0;
		};
		1DCF9C3E19BACEA5003A342D /* Frameworks */ = {
			isa = PBXFrameworksBuildPhase;
			buildActionMask = 2147483647;
			files = (
				1DCF9C4319BACEA5003A342D /* XCTest.framework in Frameworks */,
				1DCF9C4519BACEA5003A342D /* UIKit.framework in Frameworks */,
				1DCF9C4419BACEA5003A342D /* Foundation.framework in Frameworks */,
			);
			runOnlyForDeploymentPostprocessing = 0;
		};
/* End PBXFrameworksBuildPhase section */

/* Begin PBXGroup section */
		1DCF9C1419BACEA5003A342D = {
			isa = PBXGroup;
			children = (
				1DCF9C2619BACEA5003A342D /* hitMe */,
				1DCF9C4819BACEA5003A342D /* hitMeTests */,
				1DCF9C1F19BACEA5003A342D /* Frameworks */,
				1DCF9C1E19BACEA5003A342D /* Products */,
			);
			sourceTree = "<group>";
		};
		1DCF9C1E19BACEA5003A342D /* Products */ = {
			isa = PBXGroup;
			children = (
				1DCF9C1D19BACEA5003A342D /* hitMe.app */,
				1DCF9C4119BACEA5003A342D /* hitMeTests.xctest */,
			);
			name = Products;
			sourceTree = "<group>";
		};
		1DCF9C1F19BACEA5003A342D /* Frameworks */ = {
			isa = PBXGroup;
			children = (
				5A63A64D19BBBA9C00C74605 /* Accounts.framework */,
				5A63A64E19BBBA9C00C74605 /* AudioToolbox.framework */,
				5A63A64F19BBBA9C00C74605 /* CFNetwork.framework */,
				5A63A65019BBBA9C00C74605 /* CoreLocation.framework */,
				5A63A65119BBBA9C00C74605 /* libz.dylib */,
				5A63A65219BBBA9C00C74605 /* MobileCoreServices.framework */,
				5A63A65319BBBA9C00C74605 /* QuartzCore.framework */,
				5A63A65419BBBA9C00C74605 /* Security.framework */,
				5A63A65519BBBA9C00C74605 /* Social.framework */,
				5A63A65619BBBA9C00C74605 /* StoreKit.framework */,
				5A63A65719BBBA9C00C74605 /* SystemConfiguration.framework */,
				5A63A64B19BBB2A000C74605 /* Bolts.framework */,
				5A63A64919BBB28D00C74605 /* Parse.framework */,
				1DCF9C2019BACEA5003A342D /* Foundation.framework */,
				1DCF9C2219BACEA5003A342D /* CoreGraphics.framework */,
				1DCF9C2419BACEA5003A342D /* UIKit.framework */,
				1DCF9C4219BACEA5003A342D /* XCTest.framework */,
			);
			name = Frameworks;
			sourceTree = "<group>";
		};
		1DCF9C2619BACEA5003A342D /* hitMe */ = {
			isa = PBXGroup;
			children = (
				1DCF9C3219BACEA5003A342D /* Main.storyboard */,
				1DCF9CA219BB6C52003A342D /* ActivityDetailTableViewController.h */,
				1DCF9CA319BB6C52003A342D /* ActivityDetailTableViewController.m */,
				1DCF9CA519BB6C70003A342D /* editActivityViewController.h */,
				1DCF9CA619BB6C70003A342D /* editActivityViewController.m */,
				1DCF9C5819BADBAF003A342D /* hitMeActivitiesTableViewController.h */,
				1DCF9C5919BADBAF003A342D /* hitMeActivitiesTableViewController.m */,
				1DCF9C3519BACEA5003A342D /* hitMeMasterViewController.h */,
				1DCF9C3619BACEA5003A342D /* hitMeMasterViewController.m */,
				1DCF9C3819BACEA5003A342D /* hitMeDetailViewController.h */,
				1DCF9C3919BACEA5003A342D /* hitMeDetailViewController.m */,
				1DCF9C3B19BACEA5003A342D /* Images.xcassets */,
				1DCF9C2719BACEA5003A342D /* Supporting Files */,
			);
			path = hitMe;
			sourceTree = "<group>";
		};
		1DCF9C2719BACEA5003A342D /* Supporting Files */ = {
			isa = PBXGroup;
			children = (
				1DCF9C2F19BACEA5003A342D /* hitMeAppDelegate.h */,
				1DCF9C3019BACEA5003A342D /* hitMeAppDelegate.m */,
				1DCF9C2819BACEA5003A342D /* hitMe-Info.plist */,
				1DCF9C2919BACEA5003A342D /* InfoPlist.strings */,
				1DCF9C2C19BACEA5003A342D /* main.m */,
				1DCF9C2E19BACEA5003A342D /* hitMe-Prefix.pch */,
			);
			name = "Supporting Files";
			sourceTree = "<group>";
		};
		1DCF9C4819BACEA5003A342D /* hitMeTests */ = {
			isa = PBXGroup;
			children = (
				1DCF9C4E19BACEA5003A342D /* hitMeTests.m */,
				1DCF9C4919BACEA5003A342D /* Supporting Files */,
			);
			path = hitMeTests;
			sourceTree = "<group>";
		};
		1DCF9C4919BACEA5003A342D /* Supporting Files */ = {
			isa = PBXGroup;
			children = (
				1DCF9C4A19BACEA5003A342D /* hitMeTests-Info.plist */,
				1DCF9C4B19BACEA5003A342D /* InfoPlist.strings */,
			);
			name = "Supporting Files";
			sourceTree = "<group>";
		};
/* End PBXGroup section */

/* Begin PBXNativeTarget section */
		1DCF9C1C19BACEA5003A342D /* hitMe */ = {
			isa = PBXNativeTarget;
			buildConfigurationList = 1DCF9C5219BACEA5003A342D /* Build configuration list for PBXNativeTarget "hitMe" */;
			buildPhases = (
				1DCF9C1919BACEA5003A342D /* Sources */,
				1DCF9C1A19BACEA5003A342D /* Frameworks */,
				1DCF9C1B19BACEA5003A342D /* Resources */,
			);
			buildRules = (
			);
			dependencies = (
			);
			name = hitMe;
			productName = hitMe;
			productReference = 1DCF9C1D19BACEA5003A342D /* hitMe.app */;
			productType = "com.apple.product-type.application";
		};
		1DCF9C4019BACEA5003A342D /* hitMeTests */ = {
			isa = PBXNativeTarget;
			buildConfigurationList = 1DCF9C5519BACEA5003A342D /* Build configuration list for PBXNativeTarget "hitMeTests" */;
			buildPhases = (
				1DCF9C3D19BACEA5003A342D /* Sources */,
				1DCF9C3E19BACEA5003A342D /* Frameworks */,
				1DCF9C3F19BACEA5003A342D /* Resources */,
			);
			buildRules = (
			);
			dependencies = (
				1DCF9C4719BACEA5003A342D /* PBXTargetDependency */,
			);
			name = hitMeTests;
			productName = hitMeTests;
			productReference = 1DCF9C4119BACEA5003A342D /* hitMeTests.xctest */;
			productType = "com.apple.product-type.bundle.unit-test";
		};
/* End PBXNativeTarget section */

/* Begin PBXProject section */
		1DCF9C1519BACEA5003A342D /* Project object */ = {
			isa = PBXProject;
			attributes = {
				CLASSPREFIX = hitMe;
				LastUpgradeCheck = 0510;
				ORGANIZATIONNAME = "Pinak Shikhare";
				TargetAttributes = {
					1DCF9C4019BACEA5003A342D = {
						TestTargetID = 1DCF9C1C19BACEA5003A342D;
					};
				};
			};
			buildConfigurationList = 1DCF9C1819BACEA5003A342D /* Build configuration list for PBXProject "hitMe" */;
			compatibilityVersion = "Xcode 3.2";
			developmentRegion = English;
			hasScannedForEncodings = 0;
			knownRegions = (
				en,
				Base,
			);
			mainGroup = 1DCF9C1419BACEA5003A342D;
			productRefGroup = 1DCF9C1E19BACEA5003A342D /* Products */;
			projectDirPath = "";
			projectRoot = "";
			targets = (
				1DCF9C1C19BACEA5003A342D /* hitMe */,
				1DCF9C4019BACEA5003A342D /* hitMeTests */,
			);
		};
/* End PBXProject section */

/* Begin PBXResourcesBuildPhase section */
		1DCF9C1B19BACEA5003A342D /* Resources */ = {
			isa = PBXResourcesBuildPhase;
			buildActionMask = 2147483647;
			files = (
				1DCF9C3C19BACEA5003A342D /* Images.xcassets in Resources */,
				1DCF9C2B19BACEA5003A342D /* InfoPlist.strings in Resources */,
				1DCF9C3419BACEA5003A342D /* Main.storyboard in Resources */,
			);
			runOnlyForDeploymentPostprocessing = 0;
		};
		1DCF9C3F19BACEA5003A342D /* Resources */ = {
			isa = PBXResourcesBuildPhase;
			buildActionMask = 2147483647;
			files = (
				1DCF9C4D19BACEA5003A342D /* InfoPlist.strings in Resources */,
			);
			runOnlyForDeploymentPostprocessing = 0;
		};
/* End PBXResourcesBuildPhase section */

/* Begin PBXSourcesBuildPhase section */
		1DCF9C1919BACEA5003A342D /* Sources */ = {
			isa = PBXSourcesBuildPhase;
			buildActionMask = 2147483647;
			files = (
				1DCF9C3119BACEA5003A342D /* hitMeAppDelegate.m in Sources */,
				1DCF9CA719BB6C70003A342D /* editActivityViewController.m in Sources */,
				1DCF9C3719BACEA5003A342D /* hitMeMasterViewController.m in Sources */,
				1DCF9C5A19BADBAF003A342D /* hitMeActivitiesTableViewController.m in Sources */,
				1DCF9CA419BB6C52003A342D /* ActivityDetailTableViewController.m in Sources */,
				1DCF9C2D19BACEA5003A342D /* main.m in Sources */,
				1DCF9C3A19BACEA5003A342D /* hitMeDetailViewController.m in Sources */,
			);
			runOnlyForDeploymentPostprocessing = 0;
		};
		1DCF9C3D19BACEA5003A342D /* Sources */ = {
			isa = PBXSourcesBuildPhase;
			buildActionMask = 2147483647;
			files = (
				1DCF9C4F19BACEA5003A342D /* hitMeTests.m in Sources */,
			);
			runOnlyForDeploymentPostprocessing = 0;
		};
/* End PBXSourcesBuildPhase section */

/* Begin PBXTargetDependency section */
		1DCF9C4719BACEA5003A342D /* PBXTargetDependency */ = {
			isa = PBXTargetDependency;
			target = 1DCF9C1C19BACEA5003A342D /* hitMe */;
			targetProxy = 1DCF9C4619BACEA5003A342D /* PBXContainerItemProxy */;
		};
/* End PBXTargetDependency section */

/* Begin PBXVariantGroup section */
		1DCF9C2919BACEA5003A342D /* InfoPlist.strings */ = {
			isa = PBXVariantGroup;
			children = (
				1DCF9C2A19BACEA5003A342D /* en */,
			);
			name = InfoPlist.strings;
			sourceTree = "<group>";
		};
		1DCF9C3219BACEA5003A342D /* Main.storyboard */ = {
			isa = PBXVariantGroup;
			children = (
				1DCF9C3319BACEA5003A342D /* Base */,
			);
			name = Main.storyboard;
			sourceTree = "<group>";
		};
		1DCF9C4B19BACEA5003A342D /* InfoPlist.strings */ = {
			isa = PBXVariantGroup;
			children = (
				1DCF9C4C19BACEA5003A342D /* en */,
			);
			name = InfoPlist.strings;
			sourceTree = "<group>";
		};
/* End PBXVariantGroup section */

/* Begin XCBuildConfiguration section */
		1DCF9C5019BACEA5003A342D /* Debug */ = {
			isa = XCBuildConfiguration;
			buildSettings = {
				ALWAYS_SEARCH_USER_PATHS = NO;
				CLANG_CXX_LANGUAGE_STANDARD = "gnu++0x";
				CLANG_CXX_LIBRARY = "libc++";
				CLANG_ENABLE_MODULES = YES;
				CLANG_ENABLE_OBJC_ARC = YES;
				CLANG_WARN_BOOL_CONVERSION = YES;
				CLANG_WARN_CONSTANT_CONVERSION = YES;
				CLANG_WARN_DIRECT_OBJC_ISA_USAGE = YES_ERROR;
				CLANG_WARN_EMPTY_BODY = YES;
				CLANG_WARN_ENUM_CONVERSION = YES;
				CLANG_WARN_INT_CONVERSION = YES;
				CLANG_WARN_OBJC_ROOT_CLASS = YES_ERROR;
				CLANG_WARN__DUPLICATE_METHOD_MATCH = YES;
				"CODE_SIGN_IDENTITY[sdk=iphoneos*]" = "iPhone Developer";
				COPY_PHASE_STRIP = NO;
				GCC_C_LANGUAGE_STANDARD = gnu99;
				GCC_DYNAMIC_NO_PIC = NO;
				GCC_OPTIMIZATION_LEVEL = 0;
				GCC_PREPROCESSOR_DEFINITIONS = (
					"DEBUG=1",
					"$(inherited)",
				);
				GCC_SYMBOLS_PRIVATE_EXTERN = NO;
				GCC_WARN_64_TO_32_BIT_CONVERSION = YES;
				GCC_WARN_ABOUT_RETURN_TYPE = YES_ERROR;
				GCC_WARN_UNDECLARED_SELECTOR = YES;
				GCC_WARN_UNINITIALIZED_AUTOS = YES_AGGRESSIVE;
				GCC_WARN_UNUSED_FUNCTION = YES;
				GCC_WARN_UNUSED_VARIABLE = YES;
				IPHONEOS_DEPLOYMENT_TARGET = 7.1;
				ONLY_ACTIVE_ARCH = YES;
				SDKROOT = iphoneos;
			};
			name = Debug;
		};
		1DCF9C5119BACEA5003A342D /* Release */ = {
			isa = XCBuildConfiguration;
			buildSettings = {
				ALWAYS_SEARCH_USER_PATHS = NO;
				CLANG_CXX_LANGUAGE_STANDARD = "gnu++0x";
				CLANG_CXX_LIBRARY = "libc++";
				CLANG_ENABLE_MODULES = YES;
				CLANG_ENABLE_OBJC_ARC = YES;
				CLANG_WARN_BOOL_CONVERSION = YES;
				CLANG_WARN_CONSTANT_CONVERSION = YES;
				CLANG_WARN_DIRECT_OBJC_ISA_USAGE = YES_ERROR;
				CLANG_WARN_EMPTY_BODY = YES;
				CLANG_WARN_ENUM_CONVERSION = YES;
				CLANG_WARN_INT_CONVERSION = YES;
				CLANG_WARN_OBJC_ROOT_CLASS = YES_ERROR;
				CLANG_WARN__DUPLICATE_METHOD_MATCH = YES;
				"CODE_SIGN_IDENTITY[sdk=iphoneos*]" = "iPhone Developer";
				COPY_PHASE_STRIP = YES;
				ENABLE_NS_ASSERTIONS = NO;
				GCC_C_LANGUAGE_STANDARD = gnu99;
				GCC_WARN_64_TO_32_BIT_CONVERSION = YES;
				GCC_WARN_ABOUT_RETURN_TYPE = YES_ERROR;
				GCC_WARN_UNDECLARED_SELECTOR = YES;
				GCC_WARN_UNINITIALIZED_AUTOS = YES_AGGRESSIVE;
				GCC_WARN_UNUSED_FUNCTION = YES;
				GCC_WARN_UNUSED_VARIABLE = YES;
				IPHONEOS_DEPLOYMENT_TARGET = 7.1;
				SDKROOT = iphoneos;
				VALIDATE_PRODUCT = YES;
			};
			name = Release;
		};
		1DCF9C5319BACEA5003A342D /* Debug */ = {
			isa = XCBuildConfiguration;
			buildSettings = {
				ASSETCATALOG_COMPILER_APPICON_NAME = AppIcon;
				ASSETCATALOG_COMPILER_LAUNCHIMAGE_NAME = LaunchImage;
				FRAMEWORK_SEARCH_PATHS = (
					"$(inherited)",
					"$(PROJECT_DIR)",
				);
				GCC_PRECOMPILE_PREFIX_HEADER = YES;
				GCC_PREFIX_HEADER = "hitMe/hitMe-Prefix.pch";
				INFOPLIST_FILE = "hitMe/hitMe-Info.plist";
				PRODUCT_NAME = "$(TARGET_NAME)";
				WRAPPER_EXTENSION = app;
			};
			name = Debug;
		};
		1DCF9C5419BACEA5003A342D /* Release */ = {
			isa = XCBuildConfiguration;
			buildSettings = {
				ASSETCATALOG_COMPILER_APPICON_NAME = AppIcon;
				ASSETCATALOG_COMPILER_LAUNCHIMAGE_NAME = LaunchImage;
				FRAMEWORK_SEARCH_PATHS = (
					"$(inherited)",
					"$(PROJECT_DIR)",
				);
				GCC_PRECOMPILE_PREFIX_HEADER = YES;
				GCC_PREFIX_HEADER = "hitMe/hitMe-Prefix.pch";
				INFOPLIST_FILE = "hitMe/hitMe-Info.plist";
				PRODUCT_NAME = "$(TARGET_NAME)";
				WRAPPER_EXTENSION = app;
			};
			name = Release;
		};
		1DCF9C5619BACEA5003A342D /* Debug */ = {
			isa = XCBuildConfiguration;
			buildSettings = {
				BUNDLE_LOADER = "$(BUILT_PRODUCTS_DIR)/hitMe.app/hitMe";
				FRAMEWORK_SEARCH_PATHS = (
					"$(SDKROOT)/Developer/Library/Frameworks",
					"$(inherited)",
					"$(DEVELOPER_FRAMEWORKS_DIR)",
				);
				GCC_PRECOMPILE_PREFIX_HEADER = YES;
				GCC_PREFIX_HEADER = "hitMe/hitMe-Prefix.pch";
				GCC_PREPROCESSOR_DEFINITIONS = (
					"DEBUG=1",
					"$(inherited)",
				);
				INFOPLIST_FILE = "hitMeTests/hitMeTests-Info.plist";
				PRODUCT_NAME = "$(TARGET_NAME)";
				TEST_HOST = "$(BUNDLE_LOADER)";
				WRAPPER_EXTENSION = xctest;
			};
			name = Debug;
		};
		1DCF9C5719BACEA5003A342D /* Release */ = {
			isa = XCBuildConfiguration;
			buildSettings = {
				BUNDLE_LOADER = "$(BUILT_PRODUCTS_DIR)/hitMe.app/hitMe";
				FRAMEWORK_SEARCH_PATHS = (
					"$(SDKROOT)/Developer/Library/Frameworks",
					"$(inherited)",
					"$(DEVELOPER_FRAMEWORKS_DIR)",
				);
				GCC_PRECOMPILE_PREFIX_HEADER = YES;
				GCC_PREFIX_HEADER = "hitMe/hitMe-Prefix.pch";
				INFOPLIST_FILE = "hitMeTests/hitMeTests-Info.plist";
				PRODUCT_NAME = "$(TARGET_NAME)";
				TEST_HOST = "$(BUNDLE_LOADER)";
				WRAPPER_EXTENSION = xctest;
			};
			name = Release;
		};
/* End XCBuildConfiguration section */

/* Begin XCConfigurationList section */
		1DCF9C1819BACEA5003A342D /* Build configuration list for PBXProject "hitMe" */ = {
			isa = XCConfigurationList;
			buildConfigurations = (
				1DCF9C5019BACEA5003A342D /* Debug */,
				1DCF9C5119BACEA5003A342D /* Release */,
			);
			defaultConfigurationIsVisible = 0;
			defaultConfigurationName = Release;
		};
		1DCF9C5219BACEA5003A342D /* Build configuration list for PBXNativeTarget "hitMe" */ = {
			isa = XCConfigurationList;
			buildConfigurations = (
				1DCF9C5319BACEA5003A342D /* Debug */,
				1DCF9C5419BACEA5003A342D /* Release */,
			);
			defaultConfigurationIsVisible = 0;
			defaultConfigurationName = Release;
		};
		1DCF9C5519BACEA5003A342D /* Build configuration list for PBXNativeTarget "hitMeTests" */ = {
			isa = XCConfigurationList;
			buildConfigurations = (
				1DCF9C5619BACEA5003A342D /* Debug */,
				1DCF9C5719BACEA5003A342D /* Release */,
			);
			defaultConfigurationIsVisible = 0;
			defaultConfigurationName = Release;
		};
/* End XCConfigurationList section */
	};
	rootObject = 1DCF9C1519BACEA5003A342D /* Project object */;
}
